
Microsoft Visual Studio Solution File, Format Version 12.00
# Visual Studio 2013
VisualStudioVersion = 12.0.31101.0
MinimumVisualStudioVersion = 10.0.40219.1
Project("{8BC9CEB8-8B4A-11D0-8D11-00A0C91BC942}") = "gp", "gp\gp.vcxproj", "{EE8DE31B-819E-490E-B734-B6A036844BAE}"
EndProject
Project("{8BC9CEB8-8B4A-11D0-8D11-00A0C91BC942}") = "test_project", "test_project\test_project.vcxproj", "{E0BBB9A0-B6F4-4710-ADE2-8D876F3E8BF4}"
EndProject
Global
	GlobalSection(SolutionConfigurationPlatforms) = preSolution
		Debug|Win32 = Debug|Win32
		Release|Win32 = Release|Win32
	EndGlobalSection
	GlobalSection(ProjectConfigurationPlatforms) = postSolution
		{EE8DE31B-819E-490E-B734-B6A036844BAE}.Debug|Win32.ActiveCfg = Debug|Win32
		{EE8DE31B-819E-490E-B734-B6A036844BAE}.Debug|Win32.Build.0 = Debug|Win32
		{EE8DE31B-819E-490E-B734-B6A036844BAE}.Release|Win32.ActiveCfg = Release|Win32
		{EE8DE31B-819E-490E-B734-B6A036844BAE}.Release|Win32.Build.0 = Release|Win32
		{E0BBB9A0-B6F4-4710-ADE2-8D876F3E8BF4}.Debug|Win32.ActiveCfg = Debug|Win32
		{E0BBB9A0-B6F4-4710-ADE2-8D876F3E8BF4}.Debug|Win32.Build.0 = Debug|Win32
		{E0BBB9A0-B6F4-4710-ADE2-8D876F3E8BF4}.Release|Win32.ActiveCfg = Release|Win32
		{E0BBB9A0-B6F4-4710-ADE2-8D876F3E8BF4}.Release|Win32.Build.0 = Release|Win32
	EndGlobalSection
	GlobalSection(SolutionProperties) = preSolution
		HideSolutionNode = FALSE
	EndGlobalSection
EndGlobal
